
Microsoft Visual Studio Solution File, Format Version 12.00
# Visual Studio 15
Project("{FAE04EC0-301F-11D3-BF4B-00C04F79EFBC}") = "Assembly-CSharp", "Assembly-CSharp.csproj", "{CBC1CA06-4F5D-8CF8-ECF4-54A6C528C6F5}"
EndProject
Project("{FAE04EC0-301F-11D3-BF4B-00C04F79EFBC}") = "Assembly-CSharp-Editor-firstpass", "Assembly-CSharp-Editor-firstpass.csproj", "{9F66AC1E-906B-6A53-F79A-DADDD9E61534}"
EndProject
Global
	GlobalSection(SolutionConfigurationPlatforms) = preSolution
		Debug|Any CPU = Debug|Any CPU
		Release|Any CPU = Release|Any CPU
	EndGlobalSection
	GlobalSection(ProjectConfigurationPlatforms) = postSolution
		{CBC1CA06-4F5D-8CF8-ECF4-54A6C528C6F5}.Debug|Any CPU.ActiveCfg = Debug|Any CPU
		{CBC1CA06-4F5D-8CF8-ECF4-54A6C528C6F5}.Debug|Any CPU.Build.0 = Debug|Any CPU
		{CBC1CA06-4F5D-8CF8-ECF4-54A6C528C6F5}.Release|Any CPU.ActiveCfg = Release|Any CPU
		{CBC1CA06-4F5D-8CF8-ECF4-54A6C528C6F5}.Release|Any CPU.Build.0 = Release|Any CPU
		{9F66AC1E-906B-6A53-F79A-DADDD9E61534}.Debug|Any CPU.ActiveCfg = Debug|Any CPU
		{9F66AC1E-906B-6A53-F79A-DADDD9E61534}.Debug|Any CPU.Build.0 = Debug|Any CPU
		{9F66AC1E-906B-6A53-F79A-DADDD9E61534}.Release|Any CPU.ActiveCfg = Release|Any CPU
		{9F66AC1E-906B-6A53-F79A-DADDD9E61534}.Release|Any CPU.Build.0 = Release|Any CPU
	EndGlobalSection
	GlobalSection(SolutionProperties) = preSolution
		HideSolutionNode = FALSE
	EndGlobalSection
EndGlobal
